
Microsoft Visual Studio Solution File, Format Version 12.00
# Visual Studio 15
VisualStudioVersion = 15.0.26228.9
MinimumVisualStudioVersion = 10.0.40219.1
Project("{FAE04EC0-301F-11D3-BF4B-00C04F79EFBC}") = "TesterConsoleApplication", "TesterConsoleApplication\TesterConsoleApplication.csproj", "{8239455D-8801-4D58-AD87-659FFCBB552E}"
EndProject
Project("{D954291E-2A0B-460D-934E-DC6B0785DB48}") = "HelperLibrary", "HelperLibrary\HelperLibrary.shproj", "{AE0301DF-39D6-4084-9D2A-D8C3EC6FFAF7}"
EndProject
Project("{FAE04EC0-301F-11D3-BF4B-00C04F79EFBC}") = "BaseView", "BaseView\BaseView.csproj", "{CBB2222D-D346-4262-B459-BFAD110AE902}"
EndProject
Global
	GlobalSection(SharedMSBuildProjectFiles) = preSolution
		HelperLibrary\HelperLibrary.projitems*{8239455d-8801-4d58-ad87-659ffcbb552e}*SharedItemsImports = 4
		HelperLibrary\HelperLibrary.projitems*{ae0301df-39d6-4084-9d2a-d8c3ec6ffaf7}*SharedItemsImports = 13
	EndGlobalSection
	GlobalSection(SolutionConfigurationPlatforms) = preSolution
		Debug|Any CPU = Debug|Any CPU
		Release|Any CPU = Release|Any CPU
	EndGlobalSection
	GlobalSection(ProjectConfigurationPlatforms) = postSolution
		{8239455D-8801-4D58-AD87-659FFCBB552E}.Debug|Any CPU.ActiveCfg = Debug|Any CPU
		{8239455D-8801-4D58-AD87-659FFCBB552E}.Debug|Any CPU.Build.0 = Debug|Any CPU
		{8239455D-8801-4D58-AD87-659FFCBB552E}.Release|Any CPU.ActiveCfg = Release|Any CPU
		{8239455D-8801-4D58-AD87-659FFCBB552E}.Release|Any CPU.Build.0 = Release|Any CPU
		{CBB2222D-D346-4262-B459-BFAD110AE902}.Debug|Any CPU.ActiveCfg = Debug|Any CPU
		{CBB2222D-D346-4262-B459-BFAD110AE902}.Debug|Any CPU.Build.0 = Debug|Any CPU
		{CBB2222D-D346-4262-B459-BFAD110AE902}.Release|Any CPU.ActiveCfg = Release|Any CPU
		{CBB2222D-D346-4262-B459-BFAD110AE902}.Release|Any CPU.Build.0 = Release|Any CPU
	EndGlobalSection
	GlobalSection(SolutionProperties) = preSolution
		HideSolutionNode = FALSE
	EndGlobalSection
EndGlobal
