
Microsoft Visual Studio Solution File, Format Version 12.00
# Visual Studio 15
VisualStudioVersion = 15.0.26228.9
MinimumVisualStudioVersion = 10.0.40219.1
Project("{FAE04EC0-301F-11D3-BF4B-00C04F79EFBC}") = "ExecutorApplication", "ExecutorView\ExecutorApplication.csproj", "{59A271FB-EA41-46C5-B7DC-EF05D79EC3B9}"
EndProject
Project("{FAE04EC0-301F-11D3-BF4B-00C04F79EFBC}") = "HelperProject", "..\..\Common\CommonTester\BaseView\HelperProject.csproj", "{CBB2222D-D346-4262-B459-BFAD110AE902}"
EndProject
Global
	GlobalSection(SolutionConfigurationPlatforms) = preSolution
		Debug|Any CPU = Debug|Any CPU
		Release|Any CPU = Release|Any CPU
	EndGlobalSection
	GlobalSection(ProjectConfigurationPlatforms) = postSolution
		{59A271FB-EA41-46C5-B7DC-EF05D79EC3B9}.Debug|Any CPU.ActiveCfg = Debug|Any CPU
		{59A271FB-EA41-46C5-B7DC-EF05D79EC3B9}.Debug|Any CPU.Build.0 = Debug|Any CPU
		{59A271FB-EA41-46C5-B7DC-EF05D79EC3B9}.Release|Any CPU.ActiveCfg = Release|Any CPU
		{59A271FB-EA41-46C5-B7DC-EF05D79EC3B9}.Release|Any CPU.Build.0 = Release|Any CPU
		{CBB2222D-D346-4262-B459-BFAD110AE902}.Debug|Any CPU.ActiveCfg = Debug|Any CPU
		{CBB2222D-D346-4262-B459-BFAD110AE902}.Debug|Any CPU.Build.0 = Debug|Any CPU
		{CBB2222D-D346-4262-B459-BFAD110AE902}.Release|Any CPU.ActiveCfg = Release|Any CPU
		{CBB2222D-D346-4262-B459-BFAD110AE902}.Release|Any CPU.Build.0 = Release|Any CPU
	EndGlobalSection
	GlobalSection(SolutionProperties) = preSolution
		HideSolutionNode = FALSE
	EndGlobalSection
	GlobalSection(ExtensibilityGlobals) = postSolution
		SolutionGuid = {222C2FF9-1738-4792-ABBB-6D88FEB46B7E}
	EndGlobalSection
EndGlobal
