
Microsoft Visual Studio Solution File, Format Version 12.00
# Visual Studio 15
VisualStudioVersion = 15.0.26228.9
MinimumVisualStudioVersion = 10.0.40219.1
Project("{FAE04EC0-301F-11D3-BF4B-00C04F79EFBC}") = "BuilderView", "BuilderView\BuilderView.csproj", "{91FB9F71-7FC2-43F0-9B53-FB0CEA3EA18E}"
EndProject
Project("{D954291E-2A0B-460D-934E-DC6B0785DB48}") = "HelperLibrary", "..\..\Common\CommonTester\HelperLibrary\HelperLibrary.shproj", "{AE0301DF-39D6-4084-9D2A-D8C3EC6FFAF7}"
EndProject
Project("{FAE04EC0-301F-11D3-BF4B-00C04F79EFBC}") = "BuilderEngine", "BuilderEngine\BuilderEngine.csproj", "{65A04173-9ED3-4206-8F0C-9C2730FF8342}"
EndProject
Global
	GlobalSection(SharedMSBuildProjectFiles) = preSolution
		..\..\Common\CommonTester\HelperLibrary\HelperLibrary.projitems*{65a04173-9ed3-4206-8f0c-9c2730ff8342}*SharedItemsImports = 4
		..\..\Common\CommonTester\HelperLibrary\HelperLibrary.projitems*{ae0301df-39d6-4084-9d2a-d8c3ec6ffaf7}*SharedItemsImports = 13
	EndGlobalSection
	GlobalSection(SolutionConfigurationPlatforms) = preSolution
		Debug|Any CPU = Debug|Any CPU
		Release|Any CPU = Release|Any CPU
	EndGlobalSection
	GlobalSection(ProjectConfigurationPlatforms) = postSolution
		{91FB9F71-7FC2-43F0-9B53-FB0CEA3EA18E}.Debug|Any CPU.ActiveCfg = Debug|Any CPU
		{91FB9F71-7FC2-43F0-9B53-FB0CEA3EA18E}.Debug|Any CPU.Build.0 = Debug|Any CPU
		{91FB9F71-7FC2-43F0-9B53-FB0CEA3EA18E}.Release|Any CPU.ActiveCfg = Release|Any CPU
		{91FB9F71-7FC2-43F0-9B53-FB0CEA3EA18E}.Release|Any CPU.Build.0 = Release|Any CPU
		{65A04173-9ED3-4206-8F0C-9C2730FF8342}.Debug|Any CPU.ActiveCfg = Debug|Any CPU
		{65A04173-9ED3-4206-8F0C-9C2730FF8342}.Debug|Any CPU.Build.0 = Debug|Any CPU
		{65A04173-9ED3-4206-8F0C-9C2730FF8342}.Release|Any CPU.ActiveCfg = Release|Any CPU
		{65A04173-9ED3-4206-8F0C-9C2730FF8342}.Release|Any CPU.Build.0 = Release|Any CPU
	EndGlobalSection
	GlobalSection(SolutionProperties) = preSolution
		HideSolutionNode = FALSE
	EndGlobalSection
EndGlobal
